
Microsoft Visual Studio Solution File, Format Version 12.00
# Visual Studio Version 17
VisualStudioVersion = 17.9.34902.65
MinimumVisualStudioVersion = 10.0.40219.1
Project("{9A19103F-16F7-4668-BE54-9A1E7A4F7556}") = "TakeHomeExercise4System", "TakeHomeExercise4System\TakeHomeExercise4System.csproj", "{6059ED0D-733D-435E-892B-26116BA990DA}"
EndProject
Project("{9A19103F-16F7-4668-BE54-9A1E7A4F7556}") = "TakeHomeExercise4WebApp", "TakeHomeExercise4WebApp\TakeHomeExercise4WebApp.csproj", "{BDB54C58-47B6-4430-8A16-A92241333CB5}"
EndProject
Global
	GlobalSection(SolutionConfigurationPlatforms) = preSolution
		Debug|Any CPU = Debug|Any CPU
		Release|Any CPU = Release|Any CPU
	EndGlobalSection
	GlobalSection(ProjectConfigurationPlatforms) = postSolution
		{6059ED0D-733D-435E-892B-26116BA990DA}.Debug|Any CPU.ActiveCfg = Debug|Any CPU
		{6059ED0D-733D-435E-892B-26116BA990DA}.Debug|Any CPU.Build.0 = Debug|Any CPU
		{6059ED0D-733D-435E-892B-26116BA990DA}.Release|Any CPU.ActiveCfg = Release|Any CPU
		{6059ED0D-733D-435E-892B-26116BA990DA}.Release|Any CPU.Build.0 = Release|Any CPU
		{BDB54C58-47B6-4430-8A16-A92241333CB5}.Debug|Any CPU.ActiveCfg = Debug|Any CPU
		{BDB54C58-47B6-4430-8A16-A92241333CB5}.Debug|Any CPU.Build.0 = Debug|Any CPU
		{BDB54C58-47B6-4430-8A16-A92241333CB5}.Release|Any CPU.ActiveCfg = Release|Any CPU
		{BDB54C58-47B6-4430-8A16-A92241333CB5}.Release|Any CPU.Build.0 = Release|Any CPU
	EndGlobalSection
	GlobalSection(SolutionProperties) = preSolution
		HideSolutionNode = FALSE
	EndGlobalSection
	GlobalSection(ExtensibilityGlobals) = postSolution
		SolutionGuid = {91FB05B4-8C95-4373-8BCE-97FB24A5B672}
	EndGlobalSection
EndGlobal
